
Microsoft Visual Studio Solution File, Format Version 10.00
# Visual Studio 2008
Project("{FAE04EC0-301F-11D3-BF4B-00C04F79EFBC}") = "Lab2", "Lab2\Lab2.csproj", "{AB74AFB5-9B02-47A3-84A6-4A6ECE2C15BF}"
EndProject
Project("{FAE04EC0-301F-11D3-BF4B-00C04F79EFBC}") = "Lab2.Tests", "Lab2.Tests\Lab2.Tests.csproj", "{16E92AAA-C6BB-4446-91BE-F7F676BB92DF}"
EndProject
Global
	GlobalSection(SolutionConfigurationPlatforms) = preSolution
		Debug|Any CPU = Debug|Any CPU
		Release|Any CPU = Release|Any CPU
	EndGlobalSection
	GlobalSection(ProjectConfigurationPlatforms) = postSolution
		{AB74AFB5-9B02-47A3-84A6-4A6ECE2C15BF}.Debug|Any CPU.ActiveCfg = Debug|Any CPU
		{AB74AFB5-9B02-47A3-84A6-4A6ECE2C15BF}.Debug|Any CPU.Build.0 = Debug|Any CPU
		{AB74AFB5-9B02-47A3-84A6-4A6ECE2C15BF}.Release|Any CPU.ActiveCfg = Release|Any CPU
		{AB74AFB5-9B02-47A3-84A6-4A6ECE2C15BF}.Release|Any CPU.Build.0 = Release|Any CPU
		{16E92AAA-C6BB-4446-91BE-F7F676BB92DF}.Debug|Any CPU.ActiveCfg = Debug|Any CPU
		{16E92AAA-C6BB-4446-91BE-F7F676BB92DF}.Debug|Any CPU.Build.0 = Debug|Any CPU
		{16E92AAA-C6BB-4446-91BE-F7F676BB92DF}.Release|Any CPU.ActiveCfg = Release|Any CPU
		{16E92AAA-C6BB-4446-91BE-F7F676BB92DF}.Release|Any CPU.Build.0 = Release|Any CPU
	EndGlobalSection
	GlobalSection(SolutionProperties) = preSolution
		HideSolutionNode = FALSE
	EndGlobalSection
EndGlobal
